<?xml version="1.0" encoding="utf-8"?>
<Project ToolsVersion="4.0" xmlns="http://schemas.microsoft.com/developer/msbuild/2003">
  <ItemGroup>
    <CudaCompile Include="kernel.cu">
      <Filter>Source Code</Filter>
    </CudaCompile>
  </ItemGroup>
  <ItemGroup>
    <Filter Include="Source Code">
      <UniqueIdentifier>{70755187-6fe2-4d4b-8248-49ed548e0616}</UniqueIdentifier>
    </Filter>
    <Filter Include="Reflection">
      <UniqueIdentifier>{e2fe6676-0544-4ed2-acf5-8fbddada7e67}</UniqueIdentifier>
    </Filter>
    <Filter Include="ply">
      <UniqueIdentifier>{5fee5ddc-b03e-4fa4-a1e1-efcb6611b75b}</UniqueIdentifier>
    </Filter>
  </ItemGroup>
  <ItemGroup>
    <ClCompile Include="ply.cpp">
      <Filter>ply</Filter>
    </ClCompile>
    <ClCompile Include="Reflection.cu">
      <Filter>Reflection</Filter>
    </ClCompile>
  </ItemGroup>
  <ItemGroup>
    <ClInclude Include="ply.h">
      <Filter>ply</Filter>
    </ClInclude>
  </ItemGroup>
</Project>